
Microsoft Visual Studio Solution File, Format Version 12.00
# Visual Studio 2013
VisualStudioVersion = 12.0.40629.0
MinimumVisualStudioVersion = 10.0.40219.1
Project("{FAE04EC0-301F-11D3-BF4B-00C04F79EFBC}") = "Volume_1", "Volume_1\Volume_1.csproj", "{93320F29-63D2-4838-9156-E1A8E7D3ED60}"
EndProject
Project("{FAE04EC0-301F-11D3-BF4B-00C04F79EFBC}") = "Algoritmo_01", "Algoritmo_01\Algoritmo_01.csproj", "{85B6AAB3-9EE5-4886-B60F-0E7A4ACD2507}"
EndProject
Project("{FAE04EC0-301F-11D3-BF4B-00C04F79EFBC}") = "Algoritmo_02", "Algoritmo_02\Algoritmo_02.csproj", "{1B7E17B6-569A-4BE0-A8B8-38B8600C0BF6}"
EndProject
Project("{FAE04EC0-301F-11D3-BF4B-00C04F79EFBC}") = "Algoritmo_03", "Algoritmo_03\Algoritmo_03.csproj", "{49A3330A-952D-4484-B3AF-F1CCB4AF4777}"
EndProject
Project("{FAE04EC0-301F-11D3-BF4B-00C04F79EFBC}") = "Algoritmo_04", "Algoritmo_04\Algoritmo_04.csproj", "{0B163816-89A2-4AFF-ACE6-AF541BA95503}"
EndProject
Project("{FAE04EC0-301F-11D3-BF4B-00C04F79EFBC}") = "Algoritmo_05", "Algoritmo_05\Algoritmo_05.csproj", "{8E83E333-1232-4ADA-8D83-FF62A13B234E}"
EndProject
Project("{FAE04EC0-301F-11D3-BF4B-00C04F79EFBC}") = "Algoritmo_06", "Algoritmo_06\Algoritmo_06.csproj", "{60E34E1A-D0FA-4948-91AC-5371D9C7714D}"
EndProject
Project("{FAE04EC0-301F-11D3-BF4B-00C04F79EFBC}") = "Algoritmo_07", "Algoritmo_07\Algoritmo_07.csproj", "{FEF8716C-43B6-4283-BE1E-E87535A2E16B}"
EndProject
Project("{FAE04EC0-301F-11D3-BF4B-00C04F79EFBC}") = "Algoritmo_08", "Algoritmo_08\Algoritmo_08.csproj", "{8EAB994E-4F08-4E2A-9058-79BF98EF90AA}"
EndProject
Project("{FAE04EC0-301F-11D3-BF4B-00C04F79EFBC}") = "Algoritmo_09", "Algoritmo_09\Algoritmo_09.csproj", "{9446AE62-705A-4C79-BB6E-11D83BD33ABB}"
EndProject
Project("{FAE04EC0-301F-11D3-BF4B-00C04F79EFBC}") = "Algoritmo_10", "Algoritmo_10\Algoritmo_10.csproj", "{FF507BFA-6311-4865-A42A-91CCB0545932}"
EndProject
Project("{FAE04EC0-301F-11D3-BF4B-00C04F79EFBC}") = "Algoritmo_11", "Algoritmo_11\Algoritmo_11.csproj", "{B6A8D9EF-6288-4ED5-BC20-2D861E886BEB}"
EndProject
Project("{FAE04EC0-301F-11D3-BF4B-00C04F79EFBC}") = "Algoritmo_12", "Algoritmo_12\Algoritmo_12.csproj", "{B334A0E7-740A-43B9-A25C-12F275285BCA}"
EndProject
Project("{FAE04EC0-301F-11D3-BF4B-00C04F79EFBC}") = "Algoritmo_13", "Algoritmo_13\Algoritmo_13.csproj", "{54FCE134-9C01-44AF-9F5E-0FCEB3DCE5F2}"
EndProject
Project("{FAE04EC0-301F-11D3-BF4B-00C04F79EFBC}") = "Algoritmo_14", "Algoritmo_14\Algoritmo_14.csproj", "{52AD89AB-F8A2-4A08-9D2E-D7BFF49F7E9C}"
EndProject
Project("{FAE04EC0-301F-11D3-BF4B-00C04F79EFBC}") = "Algoritmo_15", "Algoritmo_15\Algoritmo_15.csproj", "{BB7BBDFE-7D4D-4C39-AE6A-42F62A2260D5}"
EndProject
Project("{FAE04EC0-301F-11D3-BF4B-00C04F79EFBC}") = "Algoritmo_16", "Algoritmo_16\Algoritmo_16.csproj", "{04FA817D-D9B1-4D48-9F3C-55C11B91B993}"
EndProject
Project("{FAE04EC0-301F-11D3-BF4B-00C04F79EFBC}") = "Algoritmo_17", "Algoritmo_17\Algoritmo_17.csproj", "{0C36EF0F-294E-4911-9174-250D1C224742}"
EndProject
Project("{FAE04EC0-301F-11D3-BF4B-00C04F79EFBC}") = "Algoritmo_18", "Algoritmo_18\Algoritmo_18.csproj", "{3F49D416-6735-4943-895F-F938BDEC8C21}"
EndProject
Project("{FAE04EC0-301F-11D3-BF4B-00C04F79EFBC}") = "Algoritmo_19", "Algoritmo_19\Algoritmo_19.csproj", "{07D78B8C-011F-4FFF-92EE-4ECE51198729}"
EndProject
Project("{FAE04EC0-301F-11D3-BF4B-00C04F79EFBC}") = "Algoritmo_20", "Algoritmo_20\Algoritmo_20.csproj", "{5707E853-426E-4565-93B4-885B32DC1901}"
EndProject
Project("{FAE04EC0-301F-11D3-BF4B-00C04F79EFBC}") = "Algoritmo_21", "Algoritmo_21\Algoritmo_21.csproj", "{30198959-4EF5-4314-971A-D1661448EF56}"
EndProject
Project("{FAE04EC0-301F-11D3-BF4B-00C04F79EFBC}") = "Algoritmo_22", "Algoritmo_22\Algoritmo_22.csproj", "{5978F9F9-C174-414C-B9CE-4935970BD29B}"
EndProject
Project("{FAE04EC0-301F-11D3-BF4B-00C04F79EFBC}") = "Algoritmo_23", "Algoritmo_23\Algoritmo_23.csproj", "{8A03986C-C7B9-4C31-85E2-88116CA519DC}"
EndProject
Project("{FAE04EC0-301F-11D3-BF4B-00C04F79EFBC}") = "Algoritmo_24", "Algoritmo_24\Algoritmo_24.csproj", "{CC032C9F-4B48-4E18-87BF-0BA8700225B9}"
EndProject
Project("{FAE04EC0-301F-11D3-BF4B-00C04F79EFBC}") = "Algoritmo_25", "Algoritmo_25\Algoritmo_25.csproj", "{280564FF-76F7-4089-8E99-BED53B862267}"
EndProject
Project("{FAE04EC0-301F-11D3-BF4B-00C04F79EFBC}") = "Algoritmo_26", "Algoritmo_26\Algoritmo_26.csproj", "{56C12D65-9FD5-41C0-ADC3-5F4AB6CF5BE3}"
EndProject
Project("{FAE04EC0-301F-11D3-BF4B-00C04F79EFBC}") = "Algoritmo_27", "Algoritmo_27\Algoritmo_27.csproj", "{3280176A-9CA1-41BD-BF98-BEA82745B957}"
EndProject
Project("{FAE04EC0-301F-11D3-BF4B-00C04F79EFBC}") = "Algoritmo_28", "Algoritmo_28\Algoritmo_28.csproj", "{DA62D77E-5E20-4584-BD11-61BDA4C4F28C}"
EndProject
Project("{FAE04EC0-301F-11D3-BF4B-00C04F79EFBC}") = "Algoritmo_29", "Algoritmo_29\Algoritmo_29.csproj", "{96F61813-E13F-4C24-8D35-8E67DF1FE5F8}"
EndProject
Project("{FAE04EC0-301F-11D3-BF4B-00C04F79EFBC}") = "Algoritmo_30", "Algoritmo_30\Algoritmo_30.csproj", "{C205C53E-54EF-405F-8C3D-25D78E6FF47D}"
EndProject
Project("{FAE04EC0-301F-11D3-BF4B-00C04F79EFBC}") = "Algoritmo_31", "Algoritmo_31\Algoritmo_31.csproj", "{B952E3AF-F487-4195-A3F4-8C43054876C4}"
EndProject
Project("{FAE04EC0-301F-11D3-BF4B-00C04F79EFBC}") = "Algoritmo_32", "Algoritmo_32\Algoritmo_32.csproj", "{DE085027-8C34-42BD-83F1-085AEDA15633}"
EndProject
Project("{FAE04EC0-301F-11D3-BF4B-00C04F79EFBC}") = "Algoritmo_33", "Algoritmo_33\Algoritmo_33.csproj", "{47C8BCDF-957E-4CF6-BD69-61DE1F82939F}"
EndProject
Project("{FAE04EC0-301F-11D3-BF4B-00C04F79EFBC}") = "Algoritmo_34", "Algoritmo_34\Algoritmo_34.csproj", "{2EE2E2FA-9631-45B1-9AC6-4A2610F31B4C}"
EndProject
Project("{FAE04EC0-301F-11D3-BF4B-00C04F79EFBC}") = "Algoritmo_35", "Algoritmo_35\Algoritmo_35.csproj", "{8C8D7CBB-6B08-4DD3-B9E7-CED309A922C7}"
EndProject
Project("{FAE04EC0-301F-11D3-BF4B-00C04F79EFBC}") = "Algoritmo_36", "Algoritmo_36\Algoritmo_36.csproj", "{A9C77970-A889-4295-9490-E0A85AFE435D}"
EndProject
Project("{FAE04EC0-301F-11D3-BF4B-00C04F79EFBC}") = "Algoritmo_37", "Algoritmo_37\Algoritmo_37.csproj", "{4D36F7BF-64A5-4CF2-A7D1-9BDB1CB05ECF}"
EndProject
Project("{FAE04EC0-301F-11D3-BF4B-00C04F79EFBC}") = "Algoritmo_38", "Algoritmo_38\Algoritmo_38.csproj", "{F7D11A94-C9C4-4CFF-8815-820B53CAEBE8}"
EndProject
Project("{FAE04EC0-301F-11D3-BF4B-00C04F79EFBC}") = "Algoritmo_39", "Algoritmo_39\Algoritmo_39.csproj", "{3A463F5B-4EBF-410B-9C05-154E9DD05E32}"
EndProject
Project("{FAE04EC0-301F-11D3-BF4B-00C04F79EFBC}") = "Algoritmo_40", "Algoritmo_40\Algoritmo_40.csproj", "{9F186762-35A8-4F08-8389-A0F5C6044532}"
EndProject
Project("{FAE04EC0-301F-11D3-BF4B-00C04F79EFBC}") = "Algoritmo_41", "Algoritmo_41\Algoritmo_41.csproj", "{8A6D6226-545F-4F93-AA3F-0B7E1412B6B9}"
EndProject
Project("{FAE04EC0-301F-11D3-BF4B-00C04F79EFBC}") = "Algoritmo_42", "Algoritmo_42\Algoritmo_42.csproj", "{D8B23A2C-7BB9-43FE-AC27-85DFF948AB57}"
EndProject
Global
	GlobalSection(SolutionConfigurationPlatforms) = preSolution
		Debug|Any CPU = Debug|Any CPU
		Release|Any CPU = Release|Any CPU
	EndGlobalSection
	GlobalSection(ProjectConfigurationPlatforms) = postSolution
		{93320F29-63D2-4838-9156-E1A8E7D3ED60}.Debug|Any CPU.ActiveCfg = Debug|Any CPU
		{93320F29-63D2-4838-9156-E1A8E7D3ED60}.Debug|Any CPU.Build.0 = Debug|Any CPU
		{93320F29-63D2-4838-9156-E1A8E7D3ED60}.Release|Any CPU.ActiveCfg = Release|Any CPU
		{93320F29-63D2-4838-9156-E1A8E7D3ED60}.Release|Any CPU.Build.0 = Release|Any CPU
		{85B6AAB3-9EE5-4886-B60F-0E7A4ACD2507}.Debug|Any CPU.ActiveCfg = Debug|Any CPU
		{85B6AAB3-9EE5-4886-B60F-0E7A4ACD2507}.Debug|Any CPU.Build.0 = Debug|Any CPU
		{85B6AAB3-9EE5-4886-B60F-0E7A4ACD2507}.Release|Any CPU.ActiveCfg = Release|Any CPU
		{85B6AAB3-9EE5-4886-B60F-0E7A4ACD2507}.Release|Any CPU.Build.0 = Release|Any CPU
		{1B7E17B6-569A-4BE0-A8B8-38B8600C0BF6}.Debug|Any CPU.ActiveCfg = Debug|Any CPU
		{1B7E17B6-569A-4BE0-A8B8-38B8600C0BF6}.Debug|Any CPU.Build.0 = Debug|Any CPU
		{1B7E17B6-569A-4BE0-A8B8-38B8600C0BF6}.Release|Any CPU.ActiveCfg = Release|Any CPU
		{1B7E17B6-569A-4BE0-A8B8-38B8600C0BF6}.Release|Any CPU.Build.0 = Release|Any CPU
		{49A3330A-952D-4484-B3AF-F1CCB4AF4777}.Debug|Any CPU.ActiveCfg = Debug|Any CPU
		{49A3330A-952D-4484-B3AF-F1CCB4AF4777}.Debug|Any CPU.Build.0 = Debug|Any CPU
		{49A3330A-952D-4484-B3AF-F1CCB4AF4777}.Release|Any CPU.ActiveCfg = Release|Any CPU
		{49A3330A-952D-4484-B3AF-F1CCB4AF4777}.Release|Any CPU.Build.0 = Release|Any CPU
		{0B163816-89A2-4AFF-ACE6-AF541BA95503}.Debug|Any CPU.ActiveCfg = Debug|Any CPU
		{0B163816-89A2-4AFF-ACE6-AF541BA95503}.Debug|Any CPU.Build.0 = Debug|Any CPU
		{0B163816-89A2-4AFF-ACE6-AF541BA95503}.Release|Any CPU.ActiveCfg = Release|Any CPU
		{0B163816-89A2-4AFF-ACE6-AF541BA95503}.Release|Any CPU.Build.0 = Release|Any CPU
		{8E83E333-1232-4ADA-8D83-FF62A13B234E}.Debug|Any CPU.ActiveCfg = Debug|Any CPU
		{8E83E333-1232-4ADA-8D83-FF62A13B234E}.Debug|Any CPU.Build.0 = Debug|Any CPU
		{8E83E333-1232-4ADA-8D83-FF62A13B234E}.Release|Any CPU.ActiveCfg = Release|Any CPU
		{8E83E333-1232-4ADA-8D83-FF62A13B234E}.Release|Any CPU.Build.0 = Release|Any CPU
		{60E34E1A-D0FA-4948-91AC-5371D9C7714D}.Debug|Any CPU.ActiveCfg = Debug|Any CPU
		{60E34E1A-D0FA-4948-91AC-5371D9C7714D}.Debug|Any CPU.Build.0 = Debug|Any CPU
		{60E34E1A-D0FA-4948-91AC-5371D9C7714D}.Release|Any CPU.ActiveCfg = Release|Any CPU
		{60E34E1A-D0FA-4948-91AC-5371D9C7714D}.Release|Any CPU.Build.0 = Release|Any CPU
		{FEF8716C-43B6-4283-BE1E-E87535A2E16B}.Debug|Any CPU.ActiveCfg = Debug|Any CPU
		{FEF8716C-43B6-4283-BE1E-E87535A2E16B}.Debug|Any CPU.Build.0 = Debug|Any CPU
		{FEF8716C-43B6-4283-BE1E-E87535A2E16B}.Release|Any CPU.ActiveCfg = Release|Any CPU
		{FEF8716C-43B6-4283-BE1E-E87535A2E16B}.Release|Any CPU.Build.0 = Release|Any CPU
		{8EAB994E-4F08-4E2A-9058-79BF98EF90AA}.Debug|Any CPU.ActiveCfg = Debug|Any CPU
		{8EAB994E-4F08-4E2A-9058-79BF98EF90AA}.Debug|Any CPU.Build.0 = Debug|Any CPU
		{8EAB994E-4F08-4E2A-9058-79BF98EF90AA}.Release|Any CPU.ActiveCfg = Release|Any CPU
		{8EAB994E-4F08-4E2A-9058-79BF98EF90AA}.Release|Any CPU.Build.0 = Release|Any CPU
		{9446AE62-705A-4C79-BB6E-11D83BD33ABB}.Debug|Any CPU.ActiveCfg = Debug|Any CPU
		{9446AE62-705A-4C79-BB6E-11D83BD33ABB}.Debug|Any CPU.Build.0 = Debug|Any CPU
		{9446AE62-705A-4C79-BB6E-11D83BD33ABB}.Release|Any CPU.ActiveCfg = Release|Any CPU
		{9446AE62-705A-4C79-BB6E-11D83BD33ABB}.Release|Any CPU.Build.0 = Release|Any CPU
		{FF507BFA-6311-4865-A42A-91CCB0545932}.Debug|Any CPU.ActiveCfg = Debug|Any CPU
		{FF507BFA-6311-4865-A42A-91CCB0545932}.Debug|Any CPU.Build.0 = Debug|Any CPU
		{FF507BFA-6311-4865-A42A-91CCB0545932}.Release|Any CPU.ActiveCfg = Release|Any CPU
		{FF507BFA-6311-4865-A42A-91CCB0545932}.Release|Any CPU.Build.0 = Release|Any CPU
		{B6A8D9EF-6288-4ED5-BC20-2D861E886BEB}.Debug|Any CPU.ActiveCfg = Debug|Any CPU
		{B6A8D9EF-6288-4ED5-BC20-2D861E886BEB}.Debug|Any CPU.Build.0 = Debug|Any CPU
		{B6A8D9EF-6288-4ED5-BC20-2D861E886BEB}.Release|Any CPU.ActiveCfg = Release|Any CPU
		{B6A8D9EF-6288-4ED5-BC20-2D861E886BEB}.Release|Any CPU.Build.0 = Release|Any CPU
		{B334A0E7-740A-43B9-A25C-12F275285BCA}.Debug|Any CPU.ActiveCfg = Debug|Any CPU
		{B334A0E7-740A-43B9-A25C-12F275285BCA}.Debug|Any CPU.Build.0 = Debug|Any CPU
		{B334A0E7-740A-43B9-A25C-12F275285BCA}.Release|Any CPU.ActiveCfg = Release|Any CPU
		{B334A0E7-740A-43B9-A25C-12F275285BCA}.Release|Any CPU.Build.0 = Release|Any CPU
		{54FCE134-9C01-44AF-9F5E-0FCEB3DCE5F2}.Debug|Any CPU.ActiveCfg = Debug|Any CPU
		{54FCE134-9C01-44AF-9F5E-0FCEB3DCE5F2}.Debug|Any CPU.Build.0 = Debug|Any CPU
		{54FCE134-9C01-44AF-9F5E-0FCEB3DCE5F2}.Release|Any CPU.ActiveCfg = Release|Any CPU
		{54FCE134-9C01-44AF-9F5E-0FCEB3DCE5F2}.Release|Any CPU.Build.0 = Release|Any CPU
		{52AD89AB-F8A2-4A08-9D2E-D7BFF49F7E9C}.Debug|Any CPU.ActiveCfg = Debug|Any CPU
		{52AD89AB-F8A2-4A08-9D2E-D7BFF49F7E9C}.Debug|Any CPU.Build.0 = Debug|Any CPU
		{52AD89AB-F8A2-4A08-9D2E-D7BFF49F7E9C}.Release|Any CPU.ActiveCfg = Release|Any CPU
		{52AD89AB-F8A2-4A08-9D2E-D7BFF49F7E9C}.Release|Any CPU.Build.0 = Release|Any CPU
		{BB7BBDFE-7D4D-4C39-AE6A-42F62A2260D5}.Debug|Any CPU.ActiveCfg = Debug|Any CPU
		{BB7BBDFE-7D4D-4C39-AE6A-42F62A2260D5}.Debug|Any CPU.Build.0 = Debug|Any CPU
		{BB7BBDFE-7D4D-4C39-AE6A-42F62A2260D5}.Release|Any CPU.ActiveCfg = Release|Any CPU
		{BB7BBDFE-7D4D-4C39-AE6A-42F62A2260D5}.Release|Any CPU.Build.0 = Release|Any CPU
		{04FA817D-D9B1-4D48-9F3C-55C11B91B993}.Debug|Any CPU.ActiveCfg = Debug|Any CPU
		{04FA817D-D9B1-4D48-9F3C-55C11B91B993}.Debug|Any CPU.Build.0 = Debug|Any CPU
		{04FA817D-D9B1-4D48-9F3C-55C11B91B993}.Release|Any CPU.ActiveCfg = Release|Any CPU
		{04FA817D-D9B1-4D48-9F3C-55C11B91B993}.Release|Any CPU.Build.0 = Release|Any CPU
		{0C36EF0F-294E-4911-9174-250D1C224742}.Debug|Any CPU.ActiveCfg = Debug|Any CPU
		{0C36EF0F-294E-4911-9174-250D1C224742}.Debug|Any CPU.Build.0 = Debug|Any CPU
		{0C36EF0F-294E-4911-9174-250D1C224742}.Release|Any CPU.ActiveCfg = Release|Any CPU
		{0C36EF0F-294E-4911-9174-250D1C224742}.Release|Any CPU.Build.0 = Release|Any CPU
		{3F49D416-6735-4943-895F-F938BDEC8C21}.Debug|Any CPU.ActiveCfg = Debug|Any CPU
		{3F49D416-6735-4943-895F-F938BDEC8C21}.Debug|Any CPU.Build.0 = Debug|Any CPU
		{3F49D416-6735-4943-895F-F938BDEC8C21}.Release|Any CPU.ActiveCfg = Release|Any CPU
		{3F49D416-6735-4943-895F-F938BDEC8C21}.Release|Any CPU.Build.0 = Release|Any CPU
		{07D78B8C-011F-4FFF-92EE-4ECE51198729}.Debug|Any CPU.ActiveCfg = Debug|Any CPU
		{07D78B8C-011F-4FFF-92EE-4ECE51198729}.Debug|Any CPU.Build.0 = Debug|Any CPU
		{07D78B8C-011F-4FFF-92EE-4ECE51198729}.Release|Any CPU.ActiveCfg = Release|Any CPU
		{07D78B8C-011F-4FFF-92EE-4ECE51198729}.Release|Any CPU.Build.0 = Release|Any CPU
		{5707E853-426E-4565-93B4-885B32DC1901}.Debug|Any CPU.ActiveCfg = Debug|Any CPU
		{5707E853-426E-4565-93B4-885B32DC1901}.Debug|Any CPU.Build.0 = Debug|Any CPU
		{5707E853-426E-4565-93B4-885B32DC1901}.Release|Any CPU.ActiveCfg = Release|Any CPU
		{5707E853-426E-4565-93B4-885B32DC1901}.Release|Any CPU.Build.0 = Release|Any CPU
		{30198959-4EF5-4314-971A-D1661448EF56}.Debug|Any CPU.ActiveCfg = Debug|Any CPU
		{30198959-4EF5-4314-971A-D1661448EF56}.Debug|Any CPU.Build.0 = Debug|Any CPU
		{30198959-4EF5-4314-971A-D1661448EF56}.Release|Any CPU.ActiveCfg = Release|Any CPU
		{30198959-4EF5-4314-971A-D1661448EF56}.Release|Any CPU.Build.0 = Release|Any CPU
		{5978F9F9-C174-414C-B9CE-4935970BD29B}.Debug|Any CPU.ActiveCfg = Debug|Any CPU
		{5978F9F9-C174-414C-B9CE-4935970BD29B}.Debug|Any CPU.Build.0 = Debug|Any CPU
		{5978F9F9-C174-414C-B9CE-4935970BD29B}.Release|Any CPU.ActiveCfg = Release|Any CPU
		{5978F9F9-C174-414C-B9CE-4935970BD29B}.Release|Any CPU.Build.0 = Release|Any CPU
		{8A03986C-C7B9-4C31-85E2-88116CA519DC}.Debug|Any CPU.ActiveCfg = Debug|Any CPU
		{8A03986C-C7B9-4C31-85E2-88116CA519DC}.Debug|Any CPU.Build.0 = Debug|Any CPU
		{8A03986C-C7B9-4C31-85E2-88116CA519DC}.Release|Any CPU.ActiveCfg = Release|Any CPU
		{8A03986C-C7B9-4C31-85E2-88116CA519DC}.Release|Any CPU.Build.0 = Release|Any CPU
		{CC032C9F-4B48-4E18-87BF-0BA8700225B9}.Debug|Any CPU.ActiveCfg = Debug|Any CPU
		{CC032C9F-4B48-4E18-87BF-0BA8700225B9}.Debug|Any CPU.Build.0 = Debug|Any CPU
		{CC032C9F-4B48-4E18-87BF-0BA8700225B9}.Release|Any CPU.ActiveCfg = Release|Any CPU
		{CC032C9F-4B48-4E18-87BF-0BA8700225B9}.Release|Any CPU.Build.0 = Release|Any CPU
		{280564FF-76F7-4089-8E99-BED53B862267}.Debug|Any CPU.ActiveCfg = Debug|Any CPU
		{280564FF-76F7-4089-8E99-BED53B862267}.Debug|Any CPU.Build.0 = Debug|Any CPU
		{280564FF-76F7-4089-8E99-BED53B862267}.Release|Any CPU.ActiveCfg = Release|Any CPU
		{280564FF-76F7-4089-8E99-BED53B862267}.Release|Any CPU.Build.0 = Release|Any CPU
		{56C12D65-9FD5-41C0-ADC3-5F4AB6CF5BE3}.Debug|Any CPU.ActiveCfg = Debug|Any CPU
		{56C12D65-9FD5-41C0-ADC3-5F4AB6CF5BE3}.Debug|Any CPU.Build.0 = Debug|Any CPU
		{56C12D65-9FD5-41C0-ADC3-5F4AB6CF5BE3}.Release|Any CPU.ActiveCfg = Release|Any CPU
		{56C12D65-9FD5-41C0-ADC3-5F4AB6CF5BE3}.Release|Any CPU.Build.0 = Release|Any CPU
		{3280176A-9CA1-41BD-BF98-BEA82745B957}.Debug|Any CPU.ActiveCfg = Debug|Any CPU
		{3280176A-9CA1-41BD-BF98-BEA82745B957}.Debug|Any CPU.Build.0 = Debug|Any CPU
		{3280176A-9CA1-41BD-BF98-BEA82745B957}.Release|Any CPU.ActiveCfg = Release|Any CPU
		{3280176A-9CA1-41BD-BF98-BEA82745B957}.Release|Any CPU.Build.0 = Release|Any CPU
		{DA62D77E-5E20-4584-BD11-61BDA4C4F28C}.Debug|Any CPU.ActiveCfg = Debug|Any CPU
		{DA62D77E-5E20-4584-BD11-61BDA4C4F28C}.Debug|Any CPU.Build.0 = Debug|Any CPU
		{DA62D77E-5E20-4584-BD11-61BDA4C4F28C}.Release|Any CPU.ActiveCfg = Release|Any CPU
		{DA62D77E-5E20-4584-BD11-61BDA4C4F28C}.Release|Any CPU.Build.0 = Release|Any CPU
		{96F61813-E13F-4C24-8D35-8E67DF1FE5F8}.Debug|Any CPU.ActiveCfg = Debug|Any CPU
		{96F61813-E13F-4C24-8D35-8E67DF1FE5F8}.Debug|Any CPU.Build.0 = Debug|Any CPU
		{96F61813-E13F-4C24-8D35-8E67DF1FE5F8}.Release|Any CPU.ActiveCfg = Release|Any CPU
		{96F61813-E13F-4C24-8D35-8E67DF1FE5F8}.Release|Any CPU.Build.0 = Release|Any CPU
		{C205C53E-54EF-405F-8C3D-25D78E6FF47D}.Debug|Any CPU.ActiveCfg = Debug|Any CPU
		{C205C53E-54EF-405F-8C3D-25D78E6FF47D}.Debug|Any CPU.Build.0 = Debug|Any CPU
		{C205C53E-54EF-405F-8C3D-25D78E6FF47D}.Release|Any CPU.ActiveCfg = Release|Any CPU
		{C205C53E-54EF-405F-8C3D-25D78E6FF47D}.Release|Any CPU.Build.0 = Release|Any CPU
		{B952E3AF-F487-4195-A3F4-8C43054876C4}.Debug|Any CPU.ActiveCfg = Debug|Any CPU
		{B952E3AF-F487-4195-A3F4-8C43054876C4}.Debug|Any CPU.Build.0 = Debug|Any CPU
		{B952E3AF-F487-4195-A3F4-8C43054876C4}.Release|Any CPU.ActiveCfg = Release|Any CPU
		{B952E3AF-F487-4195-A3F4-8C43054876C4}.Release|Any CPU.Build.0 = Release|Any CPU
		{DE085027-8C34-42BD-83F1-085AEDA15633}.Debug|Any CPU.ActiveCfg = Debug|Any CPU
		{DE085027-8C34-42BD-83F1-085AEDA15633}.Debug|Any CPU.Build.0 = Debug|Any CPU
		{DE085027-8C34-42BD-83F1-085AEDA15633}.Release|Any CPU.ActiveCfg = Release|Any CPU
		{DE085027-8C34-42BD-83F1-085AEDA15633}.Release|Any CPU.Build.0 = Release|Any CPU
		{47C8BCDF-957E-4CF6-BD69-61DE1F82939F}.Debug|Any CPU.ActiveCfg = Debug|Any CPU
		{47C8BCDF-957E-4CF6-BD69-61DE1F82939F}.Debug|Any CPU.Build.0 = Debug|Any CPU
		{47C8BCDF-957E-4CF6-BD69-61DE1F82939F}.Release|Any CPU.ActiveCfg = Release|Any CPU
		{47C8BCDF-957E-4CF6-BD69-61DE1F82939F}.Release|Any CPU.Build.0 = Release|Any CPU
		{2EE2E2FA-9631-45B1-9AC6-4A2610F31B4C}.Debug|Any CPU.ActiveCfg = Debug|Any CPU
		{2EE2E2FA-9631-45B1-9AC6-4A2610F31B4C}.Debug|Any CPU.Build.0 = Debug|Any CPU
		{2EE2E2FA-9631-45B1-9AC6-4A2610F31B4C}.Release|Any CPU.ActiveCfg = Release|Any CPU
		{2EE2E2FA-9631-45B1-9AC6-4A2610F31B4C}.Release|Any CPU.Build.0 = Release|Any CPU
		{8C8D7CBB-6B08-4DD3-B9E7-CED309A922C7}.Debug|Any CPU.ActiveCfg = Debug|Any CPU
		{8C8D7CBB-6B08-4DD3-B9E7-CED309A922C7}.Debug|Any CPU.Build.0 = Debug|Any CPU
		{8C8D7CBB-6B08-4DD3-B9E7-CED309A922C7}.Release|Any CPU.ActiveCfg = Release|Any CPU
		{8C8D7CBB-6B08-4DD3-B9E7-CED309A922C7}.Release|Any CPU.Build.0 = Release|Any CPU
		{A9C77970-A889-4295-9490-E0A85AFE435D}.Debug|Any CPU.ActiveCfg = Debug|Any CPU
		{A9C77970-A889-4295-9490-E0A85AFE435D}.Debug|Any CPU.Build.0 = Debug|Any CPU
		{A9C77970-A889-4295-9490-E0A85AFE435D}.Release|Any CPU.ActiveCfg = Release|Any CPU
		{A9C77970-A889-4295-9490-E0A85AFE435D}.Release|Any CPU.Build.0 = Release|Any CPU
		{4D36F7BF-64A5-4CF2-A7D1-9BDB1CB05ECF}.Debug|Any CPU.ActiveCfg = Debug|Any CPU
		{4D36F7BF-64A5-4CF2-A7D1-9BDB1CB05ECF}.Debug|Any CPU.Build.0 = Debug|Any CPU
		{4D36F7BF-64A5-4CF2-A7D1-9BDB1CB05ECF}.Release|Any CPU.ActiveCfg = Release|Any CPU
		{4D36F7BF-64A5-4CF2-A7D1-9BDB1CB05ECF}.Release|Any CPU.Build.0 = Release|Any CPU
		{F7D11A94-C9C4-4CFF-8815-820B53CAEBE8}.Debug|Any CPU.ActiveCfg = Debug|Any CPU
		{F7D11A94-C9C4-4CFF-8815-820B53CAEBE8}.Debug|Any CPU.Build.0 = Debug|Any CPU
		{F7D11A94-C9C4-4CFF-8815-820B53CAEBE8}.Release|Any CPU.ActiveCfg = Release|Any CPU
		{F7D11A94-C9C4-4CFF-8815-820B53CAEBE8}.Release|Any CPU.Build.0 = Release|Any CPU
		{3A463F5B-4EBF-410B-9C05-154E9DD05E32}.Debug|Any CPU.ActiveCfg = Debug|Any CPU
		{3A463F5B-4EBF-410B-9C05-154E9DD05E32}.Debug|Any CPU.Build.0 = Debug|Any CPU
		{3A463F5B-4EBF-410B-9C05-154E9DD05E32}.Release|Any CPU.ActiveCfg = Release|Any CPU
		{3A463F5B-4EBF-410B-9C05-154E9DD05E32}.Release|Any CPU.Build.0 = Release|Any CPU
		{9F186762-35A8-4F08-8389-A0F5C6044532}.Debug|Any CPU.ActiveCfg = Debug|Any CPU
		{9F186762-35A8-4F08-8389-A0F5C6044532}.Debug|Any CPU.Build.0 = Debug|Any CPU
		{9F186762-35A8-4F08-8389-A0F5C6044532}.Release|Any CPU.ActiveCfg = Release|Any CPU
		{9F186762-35A8-4F08-8389-A0F5C6044532}.Release|Any CPU.Build.0 = Release|Any CPU
		{8A6D6226-545F-4F93-AA3F-0B7E1412B6B9}.Debug|Any CPU.ActiveCfg = Debug|Any CPU
		{8A6D6226-545F-4F93-AA3F-0B7E1412B6B9}.Debug|Any CPU.Build.0 = Debug|Any CPU
		{8A6D6226-545F-4F93-AA3F-0B7E1412B6B9}.Release|Any CPU.ActiveCfg = Release|Any CPU
		{8A6D6226-545F-4F93-AA3F-0B7E1412B6B9}.Release|Any CPU.Build.0 = Release|Any CPU
		{D8B23A2C-7BB9-43FE-AC27-85DFF948AB57}.Debug|Any CPU.ActiveCfg = Debug|Any CPU
		{D8B23A2C-7BB9-43FE-AC27-85DFF948AB57}.Debug|Any CPU.Build.0 = Debug|Any CPU
		{D8B23A2C-7BB9-43FE-AC27-85DFF948AB57}.Release|Any CPU.ActiveCfg = Release|Any CPU
		{D8B23A2C-7BB9-43FE-AC27-85DFF948AB57}.Release|Any CPU.Build.0 = Release|Any CPU
	EndGlobalSection
	GlobalSection(SolutionProperties) = preSolution
		HideSolutionNode = FALSE
	EndGlobalSection
EndGlobal
