
Microsoft Visual Studio Solution File, Format Version 12.00
# Visual Studio 2013
VisualStudioVersion = 12.0.40629.0
MinimumVisualStudioVersion = 10.0.40219.1
Project("{FAE04EC0-301F-11D3-BF4B-00C04F79EFBC}") = "Volume_1", "Volume_1\Volume_1.csproj", "{93320F29-63D2-4838-9156-E1A8E7D3ED60}"
EndProject
Project("{FAE04EC0-301F-11D3-BF4B-00C04F79EFBC}") = "Algoritmo_01", "Algoritmo_01\Algoritmo_01.csproj", "{85B6AAB3-9EE5-4886-B60F-0E7A4ACD2507}"
EndProject
Project("{FAE04EC0-301F-11D3-BF4B-00C04F79EFBC}") = "Algoritmo_02", "Algoritmo_02\Algoritmo_02.csproj", "{1B7E17B6-569A-4BE0-A8B8-38B8600C0BF6}"
EndProject
Project("{FAE04EC0-301F-11D3-BF4B-00C04F79EFBC}") = "Algoritmo_03", "Algoritmo_03\Algoritmo_03.csproj", "{49A3330A-952D-4484-B3AF-F1CCB4AF4777}"
EndProject
Project("{FAE04EC0-301F-11D3-BF4B-00C04F79EFBC}") = "Algoritmo_04", "Algoritmo_04\Algoritmo_04.csproj", "{0B163816-89A2-4AFF-ACE6-AF541BA95503}"
EndProject
Project("{FAE04EC0-301F-11D3-BF4B-00C04F79EFBC}") = "Algoritmo_05", "Algoritmo_05\Algoritmo_05.csproj", "{8E83E333-1232-4ADA-8D83-FF62A13B234E}"
EndProject
Project("{FAE04EC0-301F-11D3-BF4B-00C04F79EFBC}") = "Algoritmo_06", "Algoritmo_06\Algoritmo_06.csproj", "{60E34E1A-D0FA-4948-91AC-5371D9C7714D}"
EndProject
Project("{FAE04EC0-301F-11D3-BF4B-00C04F79EFBC}") = "Algoritmo_07", "Algoritmo_07\Algoritmo_07.csproj", "{FEF8716C-43B6-4283-BE1E-E87535A2E16B}"
EndProject
Project("{FAE04EC0-301F-11D3-BF4B-00C04F79EFBC}") = "Algoritmo_08", "Algoritmo_08\Algoritmo_08.csproj", "{8EAB994E-4F08-4E2A-9058-79BF98EF90AA}"
EndProject
Project("{FAE04EC0-301F-11D3-BF4B-00C04F79EFBC}") = "Algoritmo_09", "Algoritmo_09\Algoritmo_09.csproj", "{9446AE62-705A-4C79-BB6E-11D83BD33ABB}"
EndProject
Project("{FAE04EC0-301F-11D3-BF4B-00C04F79EFBC}") = "Algoritmo_10", "Algoritmo_10\Algoritmo_10.csproj", "{FF507BFA-6311-4865-A42A-91CCB0545932}"
EndProject
Project("{FAE04EC0-301F-11D3-BF4B-00C04F79EFBC}") = "Algoritmo_11", "Algoritmo_11\Algoritmo_11.csproj", "{B6A8D9EF-6288-4ED5-BC20-2D861E886BEB}"
EndProject
Project("{FAE04EC0-301F-11D3-BF4B-00C04F79EFBC}") = "Algoritmo_12", "Algoritmo_12\Algoritmo_12.csproj", "{B334A0E7-740A-43B9-A25C-12F275285BCA}"
EndProject
Project("{FAE04EC0-301F-11D3-BF4B-00C04F79EFBC}") = "Algoritmo_13", "Algoritmo_13\Algoritmo_13.csproj", "{54FCE134-9C01-44AF-9F5E-0FCEB3DCE5F2}"
EndProject
Project("{FAE04EC0-301F-11D3-BF4B-00C04F79EFBC}") = "Algoritmo_14", "Algoritmo_14\Algoritmo_14.csproj", "{52AD89AB-F8A2-4A08-9D2E-D7BFF49F7E9C}"
EndProject
Global
	GlobalSection(SolutionConfigurationPlatforms) = preSolution
		Debug|Any CPU = Debug|Any CPU
		Release|Any CPU = Release|Any CPU
	EndGlobalSection
	GlobalSection(ProjectConfigurationPlatforms) = postSolution
		{93320F29-63D2-4838-9156-E1A8E7D3ED60}.Debug|Any CPU.ActiveCfg = Debug|Any CPU
		{93320F29-63D2-4838-9156-E1A8E7D3ED60}.Debug|Any CPU.Build.0 = Debug|Any CPU
		{93320F29-63D2-4838-9156-E1A8E7D3ED60}.Release|Any CPU.ActiveCfg = Release|Any CPU
		{93320F29-63D2-4838-9156-E1A8E7D3ED60}.Release|Any CPU.Build.0 = Release|Any CPU
		{85B6AAB3-9EE5-4886-B60F-0E7A4ACD2507}.Debug|Any CPU.ActiveCfg = Debug|Any CPU
		{85B6AAB3-9EE5-4886-B60F-0E7A4ACD2507}.Debug|Any CPU.Build.0 = Debug|Any CPU
		{85B6AAB3-9EE5-4886-B60F-0E7A4ACD2507}.Release|Any CPU.ActiveCfg = Release|Any CPU
		{85B6AAB3-9EE5-4886-B60F-0E7A4ACD2507}.Release|Any CPU.Build.0 = Release|Any CPU
		{1B7E17B6-569A-4BE0-A8B8-38B8600C0BF6}.Debug|Any CPU.ActiveCfg = Debug|Any CPU
		{1B7E17B6-569A-4BE0-A8B8-38B8600C0BF6}.Debug|Any CPU.Build.0 = Debug|Any CPU
		{1B7E17B6-569A-4BE0-A8B8-38B8600C0BF6}.Release|Any CPU.ActiveCfg = Release|Any CPU
		{1B7E17B6-569A-4BE0-A8B8-38B8600C0BF6}.Release|Any CPU.Build.0 = Release|Any CPU
		{49A3330A-952D-4484-B3AF-F1CCB4AF4777}.Debug|Any CPU.ActiveCfg = Debug|Any CPU
		{49A3330A-952D-4484-B3AF-F1CCB4AF4777}.Debug|Any CPU.Build.0 = Debug|Any CPU
		{49A3330A-952D-4484-B3AF-F1CCB4AF4777}.Release|Any CPU.ActiveCfg = Release|Any CPU
		{49A3330A-952D-4484-B3AF-F1CCB4AF4777}.Release|Any CPU.Build.0 = Release|Any CPU
		{0B163816-89A2-4AFF-ACE6-AF541BA95503}.Debug|Any CPU.ActiveCfg = Debug|Any CPU
		{0B163816-89A2-4AFF-ACE6-AF541BA95503}.Debug|Any CPU.Build.0 = Debug|Any CPU
		{0B163816-89A2-4AFF-ACE6-AF541BA95503}.Release|Any CPU.ActiveCfg = Release|Any CPU
		{0B163816-89A2-4AFF-ACE6-AF541BA95503}.Release|Any CPU.Build.0 = Release|Any CPU
		{8E83E333-1232-4ADA-8D83-FF62A13B234E}.Debug|Any CPU.ActiveCfg = Debug|Any CPU
		{8E83E333-1232-4ADA-8D83-FF62A13B234E}.Debug|Any CPU.Build.0 = Debug|Any CPU
		{8E83E333-1232-4ADA-8D83-FF62A13B234E}.Release|Any CPU.ActiveCfg = Release|Any CPU
		{8E83E333-1232-4ADA-8D83-FF62A13B234E}.Release|Any CPU.Build.0 = Release|Any CPU
		{60E34E1A-D0FA-4948-91AC-5371D9C7714D}.Debug|Any CPU.ActiveCfg = Debug|Any CPU
		{60E34E1A-D0FA-4948-91AC-5371D9C7714D}.Debug|Any CPU.Build.0 = Debug|Any CPU
		{60E34E1A-D0FA-4948-91AC-5371D9C7714D}.Release|Any CPU.ActiveCfg = Release|Any CPU
		{60E34E1A-D0FA-4948-91AC-5371D9C7714D}.Release|Any CPU.Build.0 = Release|Any CPU
		{FEF8716C-43B6-4283-BE1E-E87535A2E16B}.Debug|Any CPU.ActiveCfg = Debug|Any CPU
		{FEF8716C-43B6-4283-BE1E-E87535A2E16B}.Debug|Any CPU.Build.0 = Debug|Any CPU
		{FEF8716C-43B6-4283-BE1E-E87535A2E16B}.Release|Any CPU.ActiveCfg = Release|Any CPU
		{FEF8716C-43B6-4283-BE1E-E87535A2E16B}.Release|Any CPU.Build.0 = Release|Any CPU
		{8EAB994E-4F08-4E2A-9058-79BF98EF90AA}.Debug|Any CPU.ActiveCfg = Debug|Any CPU
		{8EAB994E-4F08-4E2A-9058-79BF98EF90AA}.Debug|Any CPU.Build.0 = Debug|Any CPU
		{8EAB994E-4F08-4E2A-9058-79BF98EF90AA}.Release|Any CPU.ActiveCfg = Release|Any CPU
		{8EAB994E-4F08-4E2A-9058-79BF98EF90AA}.Release|Any CPU.Build.0 = Release|Any CPU
		{9446AE62-705A-4C79-BB6E-11D83BD33ABB}.Debug|Any CPU.ActiveCfg = Debug|Any CPU
		{9446AE62-705A-4C79-BB6E-11D83BD33ABB}.Debug|Any CPU.Build.0 = Debug|Any CPU
		{9446AE62-705A-4C79-BB6E-11D83BD33ABB}.Release|Any CPU.ActiveCfg = Release|Any CPU
		{9446AE62-705A-4C79-BB6E-11D83BD33ABB}.Release|Any CPU.Build.0 = Release|Any CPU
		{FF507BFA-6311-4865-A42A-91CCB0545932}.Debug|Any CPU.ActiveCfg = Debug|Any CPU
		{FF507BFA-6311-4865-A42A-91CCB0545932}.Debug|Any CPU.Build.0 = Debug|Any CPU
		{FF507BFA-6311-4865-A42A-91CCB0545932}.Release|Any CPU.ActiveCfg = Release|Any CPU
		{FF507BFA-6311-4865-A42A-91CCB0545932}.Release|Any CPU.Build.0 = Release|Any CPU
		{B6A8D9EF-6288-4ED5-BC20-2D861E886BEB}.Debug|Any CPU.ActiveCfg = Debug|Any CPU
		{B6A8D9EF-6288-4ED5-BC20-2D861E886BEB}.Debug|Any CPU.Build.0 = Debug|Any CPU
		{B6A8D9EF-6288-4ED5-BC20-2D861E886BEB}.Release|Any CPU.ActiveCfg = Release|Any CPU
		{B6A8D9EF-6288-4ED5-BC20-2D861E886BEB}.Release|Any CPU.Build.0 = Release|Any CPU
		{B334A0E7-740A-43B9-A25C-12F275285BCA}.Debug|Any CPU.ActiveCfg = Debug|Any CPU
		{B334A0E7-740A-43B9-A25C-12F275285BCA}.Debug|Any CPU.Build.0 = Debug|Any CPU
		{B334A0E7-740A-43B9-A25C-12F275285BCA}.Release|Any CPU.ActiveCfg = Release|Any CPU
		{B334A0E7-740A-43B9-A25C-12F275285BCA}.Release|Any CPU.Build.0 = Release|Any CPU
		{54FCE134-9C01-44AF-9F5E-0FCEB3DCE5F2}.Debug|Any CPU.ActiveCfg = Debug|Any CPU
		{54FCE134-9C01-44AF-9F5E-0FCEB3DCE5F2}.Debug|Any CPU.Build.0 = Debug|Any CPU
		{54FCE134-9C01-44AF-9F5E-0FCEB3DCE5F2}.Release|Any CPU.ActiveCfg = Release|Any CPU
		{54FCE134-9C01-44AF-9F5E-0FCEB3DCE5F2}.Release|Any CPU.Build.0 = Release|Any CPU
		{52AD89AB-F8A2-4A08-9D2E-D7BFF49F7E9C}.Debug|Any CPU.ActiveCfg = Debug|Any CPU
		{52AD89AB-F8A2-4A08-9D2E-D7BFF49F7E9C}.Debug|Any CPU.Build.0 = Debug|Any CPU
		{52AD89AB-F8A2-4A08-9D2E-D7BFF49F7E9C}.Release|Any CPU.ActiveCfg = Release|Any CPU
		{52AD89AB-F8A2-4A08-9D2E-D7BFF49F7E9C}.Release|Any CPU.Build.0 = Release|Any CPU
	EndGlobalSection
	GlobalSection(SolutionProperties) = preSolution
		HideSolutionNode = FALSE
	EndGlobalSection
EndGlobal
